{
  "requires": true,
  "lockfileVersion": 1,
  "dependencies": {
    "xstate": {
      "version": "4.9.0",
      "resolved": "https://registry.npmjs.org/xstate/-/xstate-4.9.0.tgz",
      "integrity": "sha512-cwZuPw4m05K9IvL5uHfvX8hMYnvZ1Om1w8f2FaNav07supE4FVG5b2ay3mb/7NlrvSLkJ46t4thbY+OsTt9pXA=="
    }
  }
}
